
Microsoft Visual Studio Solution File, Format Version 12.00
# Visual Studio Version 17
VisualStudioVersion = 17.9.34607.119
MinimumVisualStudioVersion = 10.0.40219.1
Project("{FAE04EC0-301F-11D3-BF4B-00C04F79EFBC}") = "Password Generator", "Password Generator.csproj", "{232F56C5-C6D3-432C-9B5E-B30DFE5C16EE}"
EndProject
Global
	GlobalSection(SolutionConfigurationPlatforms) = preSolution
		Debug|Any CPU = Debug|Any CPU
		Release|Any CPU = Release|Any CPU
	EndGlobalSection
	GlobalSection(ProjectConfigurationPlatforms) = postSolution
		{232F56C5-C6D3-432C-9B5E-B30DFE5C16EE}.Debug|Any CPU.ActiveCfg = Debug|Any CPU
		{232F56C5-C6D3-432C-9B5E-B30DFE5C16EE}.Debug|Any CPU.Build.0 = Debug|Any CPU
		{232F56C5-C6D3-432C-9B5E-B30DFE5C16EE}.Release|Any CPU.ActiveCfg = Release|Any CPU
		{232F56C5-C6D3-432C-9B5E-B30DFE5C16EE}.Release|Any CPU.Build.0 = Release|Any CPU
	EndGlobalSection
	GlobalSection(SolutionProperties) = preSolution
		HideSolutionNode = FALSE
	EndGlobalSection
	GlobalSection(ExtensibilityGlobals) = postSolution
		SolutionGuid = {AD8F62C1-137B-4BF1-9F4C-A6F86C5D5AFF}
	EndGlobalSection
EndGlobal
